
Microsoft Visual Studio Solution File, Format Version 12.00
# Visual Studio Version 16
VisualStudioVersion = 16.0.29920.165
MinimumVisualStudioVersion = 10.0.40219.1
Project("{FAE04EC0-301F-11D3-BF4B-00C04F79EFBC}") = "ChatApp", "ChatApp\ChatApp.csproj", "{82A32C76-F33E-4E21-8207-C40B395B6A0B}"
EndProject
Project("{FAE04EC0-301F-11D3-BF4B-00C04F79EFBC}") = "ChatServer", "ChatServer\ChatServer.csproj", "{3EB1B258-F42E-46CE-A94F-758D2803FC2B}"
EndProject
Project("{FAE04EC0-301F-11D3-BF4B-00C04F79EFBC}") = "RemoteObjects", "RemoteObjects\RemoteObjects.csproj", "{898985BB-990D-4BB7-9B6F-58CDBE335008}"
EndProject
Global
	GlobalSection(SolutionConfigurationPlatforms) = preSolution
		Debug|Any CPU = Debug|Any CPU
		Release|Any CPU = Release|Any CPU
	EndGlobalSection
	GlobalSection(ProjectConfigurationPlatforms) = postSolution
		{82A32C76-F33E-4E21-8207-C40B395B6A0B}.Debug|Any CPU.ActiveCfg = Debug|Any CPU
		{82A32C76-F33E-4E21-8207-C40B395B6A0B}.Debug|Any CPU.Build.0 = Debug|Any CPU
		{82A32C76-F33E-4E21-8207-C40B395B6A0B}.Release|Any CPU.ActiveCfg = Release|Any CPU
		{82A32C76-F33E-4E21-8207-C40B395B6A0B}.Release|Any CPU.Build.0 = Release|Any CPU
		{3EB1B258-F42E-46CE-A94F-758D2803FC2B}.Debug|Any CPU.ActiveCfg = Debug|Any CPU
		{3EB1B258-F42E-46CE-A94F-758D2803FC2B}.Debug|Any CPU.Build.0 = Debug|Any CPU
		{3EB1B258-F42E-46CE-A94F-758D2803FC2B}.Release|Any CPU.ActiveCfg = Release|Any CPU
		{3EB1B258-F42E-46CE-A94F-758D2803FC2B}.Release|Any CPU.Build.0 = Release|Any CPU
		{898985BB-990D-4BB7-9B6F-58CDBE335008}.Debug|Any CPU.ActiveCfg = Debug|Any CPU
		{898985BB-990D-4BB7-9B6F-58CDBE335008}.Debug|Any CPU.Build.0 = Debug|Any CPU
		{898985BB-990D-4BB7-9B6F-58CDBE335008}.Release|Any CPU.ActiveCfg = Release|Any CPU
		{898985BB-990D-4BB7-9B6F-58CDBE335008}.Release|Any CPU.Build.0 = Release|Any CPU
	EndGlobalSection
	GlobalSection(SolutionProperties) = preSolution
		HideSolutionNode = FALSE
	EndGlobalSection
	GlobalSection(ExtensibilityGlobals) = postSolution
		SolutionGuid = {A6EA4D13-6F2E-41A9-86D7-DD25395DBCE2}
	EndGlobalSection
EndGlobal
