
Microsoft Visual Studio Solution File, Format Version 12.00
# Visual Studio Version 16
VisualStudioVersion = 16.0.29920.165
MinimumVisualStudioVersion = 10.0.40219.1
Project("{FAE04EC0-301F-11D3-BF4B-00C04F79EFBC}") = "ChatApp", "ChatApp\ChatApp.csproj", "{82A32C76-F33E-4E21-8207-C40B395B6A0B}"
EndProject
Project("{FAE04EC0-301F-11D3-BF4B-00C04F79EFBC}") = "ChatTestClient", "ChatTestClient\ChatTestClient.csproj", "{164DE782-FB42-4A3E-ACCB-AF6BEA4BAEC6}"
EndProject
Project("{FAE04EC0-301F-11D3-BF4B-00C04F79EFBC}") = "ChatServer", "ChatServer\ChatServer.csproj", "{C0EE78ED-A381-4ADC-8BD4-8E709F8B3FAA}"
EndProject
Project("{FAE04EC0-301F-11D3-BF4B-00C04F79EFBC}") = "Common", "Common\Common.csproj", "{2AC87331-EA80-4AC4-B5FA-7B4FE3542331}"
EndProject
Global
	GlobalSection(SolutionConfigurationPlatforms) = preSolution
		Debug|Any CPU = Debug|Any CPU
		Release|Any CPU = Release|Any CPU
	EndGlobalSection
	GlobalSection(ProjectConfigurationPlatforms) = postSolution
		{82A32C76-F33E-4E21-8207-C40B395B6A0B}.Debug|Any CPU.ActiveCfg = Debug|Any CPU
		{82A32C76-F33E-4E21-8207-C40B395B6A0B}.Debug|Any CPU.Build.0 = Debug|Any CPU
		{82A32C76-F33E-4E21-8207-C40B395B6A0B}.Release|Any CPU.ActiveCfg = Release|Any CPU
		{82A32C76-F33E-4E21-8207-C40B395B6A0B}.Release|Any CPU.Build.0 = Release|Any CPU
		{164DE782-FB42-4A3E-ACCB-AF6BEA4BAEC6}.Debug|Any CPU.ActiveCfg = Debug|Any CPU
		{164DE782-FB42-4A3E-ACCB-AF6BEA4BAEC6}.Debug|Any CPU.Build.0 = Debug|Any CPU
		{164DE782-FB42-4A3E-ACCB-AF6BEA4BAEC6}.Release|Any CPU.ActiveCfg = Release|Any CPU
		{164DE782-FB42-4A3E-ACCB-AF6BEA4BAEC6}.Release|Any CPU.Build.0 = Release|Any CPU
		{C0EE78ED-A381-4ADC-8BD4-8E709F8B3FAA}.Debug|Any CPU.ActiveCfg = Debug|Any CPU
		{C0EE78ED-A381-4ADC-8BD4-8E709F8B3FAA}.Debug|Any CPU.Build.0 = Debug|Any CPU
		{C0EE78ED-A381-4ADC-8BD4-8E709F8B3FAA}.Release|Any CPU.ActiveCfg = Release|Any CPU
		{C0EE78ED-A381-4ADC-8BD4-8E709F8B3FAA}.Release|Any CPU.Build.0 = Release|Any CPU
		{2AC87331-EA80-4AC4-B5FA-7B4FE3542331}.Debug|Any CPU.ActiveCfg = Debug|Any CPU
		{2AC87331-EA80-4AC4-B5FA-7B4FE3542331}.Debug|Any CPU.Build.0 = Debug|Any CPU
		{2AC87331-EA80-4AC4-B5FA-7B4FE3542331}.Release|Any CPU.ActiveCfg = Release|Any CPU
		{2AC87331-EA80-4AC4-B5FA-7B4FE3542331}.Release|Any CPU.Build.0 = Release|Any CPU
	EndGlobalSection
	GlobalSection(SolutionProperties) = preSolution
		HideSolutionNode = FALSE
	EndGlobalSection
	GlobalSection(ExtensibilityGlobals) = postSolution
		SolutionGuid = {A6EA4D13-6F2E-41A9-86D7-DD25395DBCE2}
	EndGlobalSection
EndGlobal
